// !$*UTF8*$!
{
	archiveVersion = 1;
	classes = {
	};
	objectVersion = 50;
	objects = {

/* Begin PBXBuildFile section */
		FA93C3BD26452F2500E37DD9 /* AppDelegate.swift in Sources */ = {isa = PBXBuildFile; fileRef = FA93C3BC26452F2500E37DD9 /* AppDelegate.swift */; };
		FA93C3BF26452F2500E37DD9 /* SceneDelegate.swift in Sources */ = {isa = PBXBuildFile; fileRef = FA93C3BE26452F2500E37DD9 /* SceneDelegate.swift */; };
		FA93C3C126452F2500E37DD9 /* MainViewController.swift in Sources */ = {isa = PBXBuildFile; fileRef = FA93C3C026452F2500E37DD9 /* MainViewController.swift */; };
		FA93C3C426452F2500E37DD9 /* Main.storyboard in Resources */ = {isa = PBXBuildFile; fileRef = FA93C3C226452F2500E37DD9 /* Main.storyboard */; };
		FA93C3C626452F2600E37DD9 /* Assets.xcassets in Resources */ = {isa = PBXBuildFile; fileRef = FA93C3C526452F2600E37DD9 /* Assets.xcassets */; };
		FA93C3C926452F2600E37DD9 /* LaunchScreen.storyboard in Resources */ = {isa = PBXBuildFile; fileRef = FA93C3C726452F2600E37DD9 /* LaunchScreen.storyboard */; };
		FA93C3DF264580EA00E37DD9 /* CityListCell.swift in Sources */ = {isa = PBXBuildFile; fileRef = FA93C3DE264580EA00E37DD9 /* CityListCell.swift */; };
		FA93C3E22645876900E37DD9 /* CityListViewController.swift in Sources */ = {isa = PBXBuildFile; fileRef = FA93C3E12645876900E37DD9 /* CityListViewController.swift */; };
		FA93C3EE2646625C00E37DD9 /* NetworkManager.swift in Sources */ = {isa = PBXBuildFile; fileRef = FA93C3ED2646625C00E37DD9 /* NetworkManager.swift */; };
		FA93C3F4264681DF00E37DD9 /* CurrentWeather.swift in Sources */ = {isa = PBXBuildFile; fileRef = FA93C3F3264681DF00E37DD9 /* CurrentWeather.swift */; };
		FA93C3F82646FEBD00E37DD9 /* CityListTableViewController.swift in Sources */ = {isa = PBXBuildFile; fileRef = FA93C3F72646FEBD00E37DD9 /* CityListTableViewController.swift */; };
		FA93C3FC2647350A00E37DD9 /* CityListTableViewCell.swift in Sources */ = {isa = PBXBuildFile; fileRef = FA93C3FB2647350A00E37DD9 /* CityListTableViewCell.swift */; };
		FA93C3FF2647AAAA00E37DD9 /* AddCityViewController.swift in Sources */ = {isa = PBXBuildFile; fileRef = FA93C3FE2647AAAA00E37DD9 /* AddCityViewController.swift */; };
		FA93C4032649152F00E37DD9 /* StorageManager.swift in Sources */ = {isa = PBXBuildFile; fileRef = FA93C4022649152F00E37DD9 /* StorageManager.swift */; };
		FA93C4062649578C00E37DD9 /* Forecast5days.swift in Sources */ = {isa = PBXBuildFile; fileRef = FA93C4052649578C00E37DD9 /* Forecast5days.swift */; };
		FAD2BFAD2656A391007B3CAA /* APIKey.swift in Sources */ = {isa = PBXBuildFile; fileRef = FAD2BFAC2656A391007B3CAA /* APIKey.swift */; };
		FAD2BFB2265909D9007B3CAA /* Forecast16Days.swift in Sources */ = {isa = PBXBuildFile; fileRef = FAD2BFB1265909D9007B3CAA /* Forecast16Days.swift */; };
/* End PBXBuildFile section */

/* Begin PBXFileReference section */
		FA93C3B926452F2500E37DD9 /* Weather1.app */ = {isa = PBXFileReference; explicitFileType = wrapper.application; includeInIndex = 0; path = Weather1.app; sourceTree = BUILT_PRODUCTS_DIR; };
		FA93C3BC26452F2500E37DD9 /* AppDelegate.swift */ = {isa = PBXFileReference; lastKnownFileType = sourcecode.swift; path = AppDelegate.swift; sourceTree = "<group>"; };
		FA93C3BE26452F2500E37DD9 /* SceneDelegate.swift */ = {isa = PBXFileReference; lastKnownFileType = sourcecode.swift; path = SceneDelegate.swift; sourceTree = "<group>"; };
		FA93C3C026452F2500E37DD9 /* MainViewController.swift */ = {isa = PBXFileReference; lastKnownFileType = sourcecode.swift; path = MainViewController.swift; sourceTree = "<group>"; };
		FA93C3C326452F2500E37DD9 /* Base */ = {isa = PBXFileReference; lastKnownFileType = file.storyboard; name = Base; path = Base.lproj/Main.storyboard; sourceTree = "<group>"; };
		FA93C3C526452F2600E37DD9 /* Assets.xcassets */ = {isa = PBXFileReference; lastKnownFileType = folder.assetcatalog; path = Assets.xcassets; sourceTree = "<group>"; };
		FA93C3C826452F2600E37DD9 /* Base */ = {isa = PBXFileReference; lastKnownFileType = file.storyboard; name = Base; path = Base.lproj/LaunchScreen.storyboard; sourceTree = "<group>"; };
		FA93C3CA26452F2600E37DD9 /* Info.plist */ = {isa = PBXFileReference; lastKnownFileType = text.plist.xml; path = Info.plist; sourceTree = "<group>"; };
		FA93C3DE264580EA00E37DD9 /* CityListCell.swift */ = {isa = PBXFileReference; lastKnownFileType = sourcecode.swift; path = CityListCell.swift; sourceTree = "<group>"; };
		FA93C3E12645876900E37DD9 /* CityListViewController.swift */ = {isa = PBXFileReference; lastKnownFileType = sourcecode.swift; path = CityListViewController.swift; sourceTree = "<group>"; };
		FA93C3ED2646625C00E37DD9 /* NetworkManager.swift */ = {isa = PBXFileReference; lastKnownFileType = sourcecode.swift; path = NetworkManager.swift; sourceTree = "<group>"; };
		FA93C3F3264681DF00E37DD9 /* CurrentWeather.swift */ = {isa = PBXFileReference; lastKnownFileType = sourcecode.swift; path = CurrentWeather.swift; sourceTree = "<group>"; };
		FA93C3F72646FEBD00E37DD9 /* CityListTableViewController.swift */ = {isa = PBXFileReference; lastKnownFileType = sourcecode.swift; path = CityListTableViewController.swift; sourceTree = "<group>"; };
		FA93C3FB2647350A00E37DD9 /* CityListTableViewCell.swift */ = {isa = PBXFileReference; lastKnownFileType = sourcecode.swift; path = CityListTableViewCell.swift; sourceTree = "<group>"; };
		FA93C3FE2647AAAA00E37DD9 /* AddCityViewController.swift */ = {isa = PBXFileReference; lastKnownFileType = sourcecode.swift; path = AddCityViewController.swift; sourceTree = "<group>"; };
		FA93C4022649152F00E37DD9 /* StorageManager.swift */ = {isa = PBXFileReference; lastKnownFileType = sourcecode.swift; path = StorageManager.swift; sourceTree = "<group>"; };
		FA93C4052649578C00E37DD9 /* Forecast5days.swift */ = {isa = PBXFileReference; lastKnownFileType = sourcecode.swift; path = Forecast5days.swift; sourceTree = "<group>"; };
		FAD2BFAC2656A391007B3CAA /* APIKey.swift */ = {isa = PBXFileReference; lastKnownFileType = sourcecode.swift; path = APIKey.swift; sourceTree = "<group>"; };
		FAD2BFB1265909D9007B3CAA /* Forecast16Days.swift */ = {isa = PBXFileReference; lastKnownFileType = sourcecode.swift; path = Forecast16Days.swift; sourceTree = "<group>"; };
/* End PBXFileReference section */

/* Begin PBXFrameworksBuildPhase section */
		FA93C3B626452F2500E37DD9 /* Frameworks */ = {
			isa = PBXFrameworksBuildPhase;
			buildActionMask = 2147483647;
			files = (
			);
			runOnlyForDeploymentPostprocessing = 0;
		};
/* End PBXFrameworksBuildPhase section */

/* Begin PBXGroup section */
		FA93C3B026452F2500E37DD9 = {
			isa = PBXGroup;
			children = (
				FA93C3BB26452F2500E37DD9 /* Weather1 */,
				FA93C3BA26452F2500E37DD9 /* Products */,
			);
			sourceTree = "<group>";
		};
		FA93C3BA26452F2500E37DD9 /* Products */ = {
			isa = PBXGroup;
			children = (
				FA93C3B926452F2500E37DD9 /* Weather1.app */,
			);
			name = Products;
			sourceTree = "<group>";
		};
		FA93C3BB26452F2500E37DD9 /* Weather1 */ = {
			isa = PBXGroup;
			children = (
				FA93C3F2264681C000E37DD9 /* Models */,
				FA93C3F0264662AB00E37DD9 /* Views */,
				FA93C3EC2646624000E37DD9 /* Services */,
				FA93C3D726452FB500E37DD9 /* Supporting */,
				FA93C3D326452F6A00E37DD9 /* ViewControllers */,
				FA93C3D226452F5A00E37DD9 /* Storyboards */,
				FA93C3D526452F8900E37DD9 /* Resources */,
			);
			path = Weather1;
			sourceTree = "<group>";
		};
		FA93C3D226452F5A00E37DD9 /* Storyboards */ = {
			isa = PBXGroup;
			children = (
				FA93C3C226452F2500E37DD9 /* Main.storyboard */,
				FA93C3C726452F2600E37DD9 /* LaunchScreen.storyboard */,
			);
			path = Storyboards;
			sourceTree = "<group>";
		};
		FA93C3D326452F6A00E37DD9 /* ViewControllers */ = {
			isa = PBXGroup;
			children = (
				FA93C3C026452F2500E37DD9 /* MainViewController.swift */,
				FA93C3FE2647AAAA00E37DD9 /* AddCityViewController.swift */,
				FA93C3F72646FEBD00E37DD9 /* CityListTableViewController.swift */,
				FA93C3E12645876900E37DD9 /* CityListViewController.swift */,
			);
			path = ViewControllers;
			sourceTree = "<group>";
		};
		FA93C3D526452F8900E37DD9 /* Resources */ = {
			isa = PBXGroup;
			children = (
				FA93C3C526452F2600E37DD9 /* Assets.xcassets */,
				FA93C3CA26452F2600E37DD9 /* Info.plist */,
			);
			path = Resources;
			sourceTree = "<group>";
		};
		FA93C3D726452FB500E37DD9 /* Supporting */ = {
			isa = PBXGroup;
			children = (
				FA93C3BC26452F2500E37DD9 /* AppDelegate.swift */,
				FA93C3BE26452F2500E37DD9 /* SceneDelegate.swift */,
			);
			path = Supporting;
			sourceTree = "<group>";
		};
		FA93C3EC2646624000E37DD9 /* Services */ = {
			isa = PBXGroup;
			children = (
				FA93C3ED2646625C00E37DD9 /* NetworkManager.swift */,
				FA93C4022649152F00E37DD9 /* StorageManager.swift */,
				FAD2BFAC2656A391007B3CAA /* APIKey.swift */,
			);
			path = Services;
			sourceTree = "<group>";
		};
		FA93C3F0264662AB00E37DD9 /* Views */ = {
			isa = PBXGroup;
			children = (
				FA93C3DE264580EA00E37DD9 /* CityListCell.swift */,
				FA93C3FB2647350A00E37DD9 /* CityListTableViewCell.swift */,
			);
			path = Views;
			sourceTree = "<group>";
		};
		FA93C3F2264681C000E37DD9 /* Models */ = {
			isa = PBXGroup;
			children = (
				FA93C3F3264681DF00E37DD9 /* CurrentWeather.swift */,
				FAD2BFB1265909D9007B3CAA /* Forecast16Days.swift */,
				FA93C4052649578C00E37DD9 /* Forecast5days.swift */,
			);
			path = Models;
			sourceTree = "<group>";
		};
/* End PBXGroup section */

/* Begin PBXNativeTarget section */
		FA93C3B826452F2500E37DD9 /* Weather1 */ = {
			isa = PBXNativeTarget;
			buildConfigurationList = FA93C3CD26452F2600E37DD9 /* Build configuration list for PBXNativeTarget "Weather1" */;
			buildPhases = (
				FA93C3B526452F2500E37DD9 /* Sources */,
				FA93C3B626452F2500E37DD9 /* Frameworks */,
				FA93C3B726452F2500E37DD9 /* Resources */,
			);
			buildRules = (
			);
			dependencies = (
			);
			name = Weather1;
			productName = Weather1;
			productReference = FA93C3B926452F2500E37DD9 /* Weather1.app */;
			productType = "com.apple.product-type.application";
		};
/* End PBXNativeTarget section */

/* Begin PBXProject section */
		FA93C3B126452F2500E37DD9 /* Project object */ = {
			isa = PBXProject;
			attributes = {
				LastSwiftUpdateCheck = 1240;
				LastUpgradeCheck = 1240;
				TargetAttributes = {
					FA93C3B826452F2500E37DD9 = {
						CreatedOnToolsVersion = 12.4;
					};
				};
			};
			buildConfigurationList = FA93C3B426452F2500E37DD9 /* Build configuration list for PBXProject "Weather1" */;
			compatibilityVersion = "Xcode 9.3";
			developmentRegion = en;
			hasScannedForEncodings = 0;
			knownRegions = (
				en,
				Base,
			);
			mainGroup = FA93C3B026452F2500E37DD9;
			productRefGroup = FA93C3BA26452F2500E37DD9 /* Products */;
			projectDirPath = "";
			projectRoot = "";
			targets = (
				FA93C3B826452F2500E37DD9 /* Weather1 */,
			);
		};
/* End PBXProject section */

/* Begin PBXResourcesBuildPhase section */
		FA93C3B726452F2500E37DD9 /* Resources */ = {
			isa = PBXResourcesBuildPhase;
			buildActionMask = 2147483647;
			files = (
				FA93C3C926452F2600E37DD9 /* LaunchScreen.storyboard in Resources */,
				FA93C3C626452F2600E37DD9 /* Assets.xcassets in Resources */,
				FA93C3C426452F2500E37DD9 /* Main.storyboard in Resources */,
			);
			runOnlyForDeploymentPostprocessing = 0;
		};
/* End PBXResourcesBuildPhase section */

/* Begin PBXSourcesBuildPhase section */
		FA93C3B526452F2500E37DD9 /* Sources */ = {
			isa = PBXSourcesBuildPhase;
			buildActionMask = 2147483647;
			files = (
				FA93C3F82646FEBD00E37DD9 /* CityListTableViewController.swift in Sources */,
				FA93C3FC2647350A00E37DD9 /* CityListTableViewCell.swift in Sources */,
				FA93C4032649152F00E37DD9 /* StorageManager.swift in Sources */,
				FA93C4062649578C00E37DD9 /* Forecast5days.swift in Sources */,
				FA93C3EE2646625C00E37DD9 /* NetworkManager.swift in Sources */,
				FA93C3C126452F2500E37DD9 /* MainViewController.swift in Sources */,
				FA93C3BD26452F2500E37DD9 /* AppDelegate.swift in Sources */,
				FA93C3FF2647AAAA00E37DD9 /* AddCityViewController.swift in Sources */,
				FA93C3F4264681DF00E37DD9 /* CurrentWeather.swift in Sources */,
				FA93C3DF264580EA00E37DD9 /* CityListCell.swift in Sources */,
				FAD2BFB2265909D9007B3CAA /* Forecast16Days.swift in Sources */,
				FA93C3E22645876900E37DD9 /* CityListViewController.swift in Sources */,
				FAD2BFAD2656A391007B3CAA /* APIKey.swift in Sources */,
				FA93C3BF26452F2500E37DD9 /* SceneDelegate.swift in Sources */,
			);
			runOnlyForDeploymentPostprocessing = 0;
		};
/* End PBXSourcesBuildPhase section */

/* Begin PBXVariantGroup section */
		FA93C3C226452F2500E37DD9 /* Main.storyboard */ = {
			isa = PBXVariantGroup;
			children = (
				FA93C3C326452F2500E37DD9 /* Base */,
			);
			name = Main.storyboard;
			sourceTree = "<group>";
		};
		FA93C3C726452F2600E37DD9 /* LaunchScreen.storyboard */ = {
			isa = PBXVariantGroup;
			children = (
				FA93C3C826452F2600E37DD9 /* Base */,
			);
			name = LaunchScreen.storyboard;
			sourceTree = "<group>";
		};
/* End PBXVariantGroup section */

/* Begin XCBuildConfiguration section */
		FA93C3CB26452F2600E37DD9 /* Debug */ = {
			isa = XCBuildConfiguration;
			buildSettings = {
				ALWAYS_SEARCH_USER_PATHS = NO;
				CLANG_ANALYZER_NONNULL = YES;
				CLANG_ANALYZER_NUMBER_OBJECT_CONVERSION = YES_AGGRESSIVE;
				CLANG_CXX_LANGUAGE_STANDARD = "gnu++14";
				CLANG_CXX_LIBRARY = "libc++";
				CLANG_ENABLE_MODULES = YES;
				CLANG_ENABLE_OBJC_ARC = YES;
				CLANG_ENABLE_OBJC_WEAK = YES;
				CLANG_WARN_BLOCK_CAPTURE_AUTORELEASING = YES;
				CLANG_WARN_BOOL_CONVERSION = YES;
				CLANG_WARN_COMMA = YES;
				CLANG_WARN_CONSTANT_CONVERSION = YES;
				CLANG_WARN_DEPRECATED_OBJC_IMPLEMENTATIONS = YES;
				CLANG_WARN_DIRECT_OBJC_ISA_USAGE = YES_ERROR;
				CLANG_WARN_DOCUMENTATION_COMMENTS = YES;
				CLANG_WARN_EMPTY_BODY = YES;
				CLANG_WARN_ENUM_CONVERSION = YES;
				CLANG_WARN_INFINITE_RECURSION = YES;
				CLANG_WARN_INT_CONVERSION = YES;
				CLANG_WARN_NON_LITERAL_NULL_CONVERSION = YES;
				CLANG_WARN_OBJC_IMPLICIT_RETAIN_SELF = YES;
				CLANG_WARN_OBJC_LITERAL_CONVERSION = YES;
				CLANG_WARN_OBJC_ROOT_CLASS = YES_ERROR;
				CLANG_WARN_QUOTED_INCLUDE_IN_FRAMEWORK_HEADER = YES;
				CLANG_WARN_RANGE_LOOP_ANALYSIS = YES;
				CLANG_WARN_STRICT_PROTOTYPES = YES;
				CLANG_WARN_SUSPICIOUS_MOVE = YES;
				CLANG_WARN_UNGUARDED_AVAILABILITY = YES_AGGRESSIVE;
				CLANG_WARN_UNREACHABLE_CODE = YES;
				CLANG_WARN__DUPLICATE_METHOD_MATCH = YES;
				COPY_PHASE_STRIP = NO;
				DEBUG_INFORMATION_FORMAT = dwarf;
				ENABLE_STRICT_OBJC_MSGSEND = YES;
				ENABLE_TESTABILITY = YES;
				GCC_C_LANGUAGE_STANDARD = gnu11;
				GCC_DYNAMIC_NO_PIC = NO;
				GCC_NO_COMMON_BLOCKS = YES;
				GCC_OPTIMIZATION_LEVEL = 0;
				GCC_PREPROCESSOR_DEFINITIONS = (
					"DEBUG=1",
					"$(inherited)",
				);
				GCC_WARN_64_TO_32_BIT_CONVERSION = YES;
				GCC_WARN_ABOUT_RETURN_TYPE = YES_ERROR;
				GCC_WARN_UNDECLARED_SELECTOR = YES;
				GCC_WARN_UNINITIALIZED_AUTOS = YES_AGGRESSIVE;
				GCC_WARN_UNUSED_FUNCTION = YES;
				GCC_WARN_UNUSED_VARIABLE = YES;
				IPHONEOS_DEPLOYMENT_TARGET = 14.4;
				MTL_ENABLE_DEBUG_INFO = INCLUDE_SOURCE;
				MTL_FAST_MATH = YES;
				ONLY_ACTIVE_ARCH = YES;
				SDKROOT = iphoneos;
				SWIFT_ACTIVE_COMPILATION_CONDITIONS = DEBUG;
				SWIFT_OPTIMIZATION_LEVEL = "-Onone";
			};
			name = Debug;
		};
		FA93C3CC26452F2600E37DD9 /* Release */ = {
			isa = XCBuildConfiguration;
			buildSettings = {
				ALWAYS_SEARCH_USER_PATHS = NO;
				CLANG_ANALYZER_NONNULL = YES;
				CLANG_ANALYZER_NUMBER_OBJECT_CONVERSION = YES_AGGRESSIVE;
				CLANG_CXX_LANGUAGE_STANDARD = "gnu++14";
				CLANG_CXX_LIBRARY = "libc++";
				CLANG_ENABLE_MODULES = YES;
				CLANG_ENABLE_OBJC_ARC = YES;
				CLANG_ENABLE_OBJC_WEAK = YES;
				CLANG_WARN_BLOCK_CAPTURE_AUTORELEASING = YES;
				CLANG_WARN_BOOL_CONVERSION = YES;
				CLANG_WARN_COMMA = YES;
				CLANG_WARN_CONSTANT_CONVERSION = YES;
				CLANG_WARN_DEPRECATED_OBJC_IMPLEMENTATIONS = YES;
				CLANG_WARN_DIRECT_OBJC_ISA_USAGE = YES_ERROR;
				CLANG_WARN_DOCUMENTATION_COMMENTS = YES;
				CLANG_WARN_EMPTY_BODY = YES;
				CLANG_WARN_ENUM_CONVERSION = YES;
				CLANG_WARN_INFINITE_RECURSION = YES;
				CLANG_WARN_INT_CONVERSION = YES;
				CLANG_WARN_NON_LITERAL_NULL_CONVERSION = YES;
				CLANG_WARN_OBJC_IMPLICIT_RETAIN_SELF = YES;
				CLANG_WARN_OBJC_LITERAL_CONVERSION = YES;
				CLANG_WARN_OBJC_ROOT_CLASS = YES_ERROR;
				CLANG_WARN_QUOTED_INCLUDE_IN_FRAMEWORK_HEADER = YES;
				CLANG_WARN_RANGE_LOOP_ANALYSIS = YES;
				CLANG_WARN_STRICT_PROTOTYPES = YES;
				CLANG_WARN_SUSPICIOUS_MOVE = YES;
				CLANG_WARN_UNGUARDED_AVAILABILITY = YES_AGGRESSIVE;
				CLANG_WARN_UNREACHABLE_CODE = YES;
				CLANG_WARN__DUPLICATE_METHOD_MATCH = YES;
				COPY_PHASE_STRIP = NO;
				DEBUG_INFORMATION_FORMAT = "dwarf-with-dsym";
				ENABLE_NS_ASSERTIONS = NO;
				ENABLE_STRICT_OBJC_MSGSEND = YES;
				GCC_C_LANGUAGE_STANDARD = gnu11;
				GCC_NO_COMMON_BLOCKS = YES;
				GCC_WARN_64_TO_32_BIT_CONVERSION = YES;
				GCC_WARN_ABOUT_RETURN_TYPE = YES_ERROR;
				GCC_WARN_UNDECLARED_SELECTOR = YES;
				GCC_WARN_UNINITIALIZED_AUTOS = YES_AGGRESSIVE;
				GCC_WARN_UNUSED_FUNCTION = YES;
				GCC_WARN_UNUSED_VARIABLE = YES;
				IPHONEOS_DEPLOYMENT_TARGET = 14.4;
				MTL_ENABLE_DEBUG_INFO = NO;
				MTL_FAST_MATH = YES;
				SDKROOT = iphoneos;
				SWIFT_COMPILATION_MODE = wholemodule;
				SWIFT_OPTIMIZATION_LEVEL = "-O";
				VALIDATE_PRODUCT = YES;
			};
			name = Release;
		};
		FA93C3CE26452F2600E37DD9 /* Debug */ = {
			isa = XCBuildConfiguration;
			buildSettings = {
				ASSETCATALOG_COMPILER_APPICON_NAME = AppIcon;
				ASSETCATALOG_COMPILER_GLOBAL_ACCENT_COLOR_NAME = AccentColor;
				CODE_SIGN_STYLE = Automatic;
				DEVELOPMENT_TEAM = 46DNV785YC;
				INFOPLIST_FILE = Weather1/Resources/Info.plist;
				IPHONEOS_DEPLOYMENT_TARGET = 13.0;
				LD_RUNPATH_SEARCH_PATHS = (
					"$(inherited)",
					"@executable_path/Frameworks",
				);
				PRODUCT_BUNDLE_IDENTIFIER = com.ArtemBazhanov.WildWeather1;
				PRODUCT_NAME = "$(TARGET_NAME)";
				SWIFT_VERSION = 5.0;
				TARGETED_DEVICE_FAMILY = 1;
			};
			name = Debug;
		};
		FA93C3CF26452F2600E37DD9 /* Release */ = {
			isa = XCBuildConfiguration;
			buildSettings = {
				ASSETCATALOG_COMPILER_APPICON_NAME = AppIcon;
				ASSETCATALOG_COMPILER_GLOBAL_ACCENT_COLOR_NAME = AccentColor;
				CODE_SIGN_STYLE = Automatic;
				DEVELOPMENT_TEAM = 46DNV785YC;
				INFOPLIST_FILE = Weather1/Resources/Info.plist;
				IPHONEOS_DEPLOYMENT_TARGET = 13.0;
				LD_RUNPATH_SEARCH_PATHS = (
					"$(inherited)",
					"@executable_path/Frameworks",
				);
				PRODUCT_BUNDLE_IDENTIFIER = com.ArtemBazhanov.WildWeather1;
				PRODUCT_NAME = "$(TARGET_NAME)";
				SWIFT_VERSION = 5.0;
				TARGETED_DEVICE_FAMILY = 1;
			};
			name = Release;
		};
/* End XCBuildConfiguration section */

/* Begin XCConfigurationList section */
		FA93C3B426452F2500E37DD9 /* Build configuration list for PBXProject "Weather1" */ = {
			isa = XCConfigurationList;
			buildConfigurations = (
				FA93C3CB26452F2600E37DD9 /* Debug */,
				FA93C3CC26452F2600E37DD9 /* Release */,
			);
			defaultConfigurationIsVisible = 0;
			defaultConfigurationName = Release;
		};
		FA93C3CD26452F2600E37DD9 /* Build configuration list for PBXNativeTarget "Weather1" */ = {
			isa = XCConfigurationList;
			buildConfigurations = (
				FA93C3CE26452F2600E37DD9 /* Debug */,
				FA93C3CF26452F2600E37DD9 /* Release */,
			);
			defaultConfigurationIsVisible = 0;
			defaultConfigurationName = Release;
		};
/* End XCConfigurationList section */
	};
	rootObject = FA93C3B126452F2500E37DD9 /* Project object */;
}
